# scripts/mkroot-rpm.lock -- written by scripts/mkroot-rpm.sh --relock, not by hand.
# Fedora 43 aarch64 Everything, resolved 2026-09-26 from
#   releases  repomd revision 1761190638, a29dc3fcc86b6e10fab525e6de0b97e851b5e4e7fc3691d40d72efe6757a733d-primary.xml.zst
#   updates   repomd revision 1790382216, b15c24b8ae8fb6b00da76bfec385edebabdefb59dbbbc1fea7074bd85912735c-primary.xml.zst
# root seeds: glibc libgcc libstdc++ bash tigervnc-server-minimal xkbcomp xkeyboard-config mesa-dri-drivers + their shared-library closure
# build (samples only, not closed over): glibc-devel glibc-static kernel-headers gcc vulkan-headers
# NEVRA = name-epoch:version-release.arch = epoch + file name.
#
# group file epoch sha256 size source-rpm  <- why
root  audit-libs-4.2.1-1.fc43.aarch64.rpm 0 7180f9d2029d42ff3aa1fbd6648f786c23fdc7bc86dada5eac19836af7cdc18a 144738 audit-4.2.1-1.fc43.src.rpm  <- pam-libs libaudit.so.1()(64bit)
root  bash-5.3.0-2.fc43.aarch64.rpm 0 2c335e0a00c8918516478e4d91820e00b405e60d3fc33c27a392d5b03de6819c 1928591 bash-5.3.0-2.fc43.src.rpm  <- seed
root  bzip2-libs-1.0.8-21.fc43.aarch64.rpm 0 27a3519cbb6809899c491713ab52bbd7e37dcfd9ee71b8693e6f95d1fe7b8599 41879 bzip2-1.0.8-21.fc43.src.rpm  <- freetype libbz2.so.1()(64bit)
root  elfutils-libelf-0.196-1.fc43.aarch64.rpm 0 dcfd2ff7bc838c74bc0baefa2d865f3cffe031c586ba0f4aad0b7e2938f099fd 240424 elfutils-0.196-1.fc43.src.rpm  <- mesa-dri-drivers libelf.so.1()(64bit)
root  expat-2.8.3-1.fc43.aarch64.rpm 0 b6ee8eb2c5fbb1b8245d3f56608739ebe98bd0992f4f03158b68c0f9ff596f6c 126258 expat-2.8.3-1.fc43.src.rpm  <- mesa-dri-drivers libexpat.so.1()(64bit)
root  freetype-2.13.3-3.fc43.aarch64.rpm 0 8ebdde8fc4b800634c38750f91bc06b9ccf67f77d2dff06dabf1c049c1f03255 411632 freetype-2.13.3-3.fc43.src.rpm  <- libXfont2 libfreetype.so.6()(64bit)
root  glib2-2.86.5-1.fc43.aarch64.rpm 0 0c4b0f7fe178e2de9cb18110e09a364ff2bdd3b9160595495db44cf596072fd3 3208570 glib2-2.86.5-1.fc43.src.rpm  <- harfbuzz libglib-2.0.so.0()(64bit)
root  glibc-2.42-16.fc43.aarch64.rpm 0 0a6651548c09a06a74ee92598dc69e0d3d0004b05b47d2d9be4cd4d129d95d6f 1910697 glibc-2.42-16.fc43.src.rpm  <- seed
root  gmp-6.3.0-4.fc43.aarch64.rpm 1 4af05b1b4d9829fa93093c4df2eebe1fc818fab6c43bb8208617c69063a7ab5c 277807 gmp-6.3.0-4.fc43.src.rpm  <- tigervnc-x11-server libgmp.so.10()(64bit)
root  gnutls-3.8.13-1.fc43.aarch64.rpm 0 4bad812cdf5a9375fdaace712099d21d014217bd8a3717021aca3f3a219e4188 1371883 gnutls-3.8.13-1.fc43.src.rpm  <- tigervnc-x11-server libgnutls.so.30()(64bit)
root  graphite2-1.3.14-19.fc43.aarch64.rpm 0 a48836d6aa13698e31ca606cd17f816a42930ee4bb63bf0ff2f3d443ffac24ad 93931 graphite2-1.3.14-19.fc43.src.rpm  <- harfbuzz libgraphite2.so.3()(64bit)
root  harfbuzz-11.5.1-2.fc43.aarch64.rpm 0 f46bf23cde29e7deff86e0402679ae7f2c981125e48291e33cc9c422d3d3aa58 1101305 harfbuzz-11.5.1-2.fc43.src.rpm  <- freetype libharfbuzz.so.0()(64bit)
root  libX11-1.8.13-1.fc43.aarch64.rpm 0 a1a37166d043b49310acec72712181e71689cbc222ed79069c860f26957ea3ff 660572 libX11-1.8.13-1.fc43.src.rpm  <- tigervnc-x11-server libX11.so.6()(64bit)
root  libX11-xcb-1.8.13-1.fc43.aarch64.rpm 0 1be4fa1db1bbc7632d5e86d403489071cb35881f53459355d2a872be84e0f89a 11441 libX11-1.8.13-1.fc43.src.rpm  <- mesa-dri-drivers libX11-xcb.so.1()(64bit)
root  libXau-1.0.12-3.fc43.aarch64.rpm 0 8216b1ca246da1058e6b94ce217746448398b5c9ea508b31f9015134504c36ad 34454 libXau-1.0.12-3.fc43.src.rpm  <- tigervnc-x11-server libXau.so.6()(64bit)
root  libXdamage-1.1.6-6.fc43.aarch64.rpm 0 a0921a3cea54fd2e8a08c474c5d336a6b8371a4a2c4a1b5c65816a74cec81243 24035 libXdamage-1.1.6-6.fc43.src.rpm  <- tigervnc-x11-server libXdamage.so.1()(64bit)
root  libXdmcp-1.1.5-4.fc43.aarch64.rpm 0 5cd23a407a47e85070ed3730d8887dc1cfef859ab513889993534a92f8029523 37966 libXdmcp-1.1.5-4.fc43.src.rpm  <- tigervnc-x11-server libXdmcp.so.6()(64bit)
root  libXext-1.3.6-4.fc43.aarch64.rpm 0 12135d30c4e37d2cf9a463d54d75de4cf2e37019c4fe31e7bed86bdc1d164178 39291 libXext-1.3.6-4.fc43.src.rpm  <- tigervnc-x11-server libXext.so.6()(64bit)
root  libXfixes-6.0.1-6.fc43.aarch64.rpm 0 4acfc7ad7716d6abdeba7537050ce1c7e88128310deb94441d8180813e5b41ab 19746 libXfixes-6.0.1-6.fc43.src.rpm  <- tigervnc-x11-server libXfixes.so.3()(64bit)
root  libXfont2-2.0.9-1.fc43.aarch64.rpm 0 6d44546129d9cd1e56f5775b45542bf9afb6ca7edba4f25605939e280d15043c 135995 libXfont2-2.0.9-1.fc43.src.rpm  <- tigervnc-x11-server libXfont2.so.2()(64bit)
root  libXi-1.8.2-3.fc43.aarch64.rpm 0 215bcb474b7e9aab2f1e0f08bf7840747bd56cb0861a13dc9684e142e974fa5c 40534 libXi-1.8.2-3.fc43.src.rpm  <- libXtst libXi.so.6()(64bit)
root  libXrandr-1.5.4-6.fc43.aarch64.rpm 0 09a78c11ac0ec94a0c672ccaa1265930bcb986c3bc366ff0880a4b97ddbcde24 27738 libXrandr-1.5.4-6.fc43.src.rpm  <- tigervnc-x11-server libXrandr.so.2()(64bit)
root  libXrender-0.9.12-3.fc43.aarch64.rpm 0 a73c487d6dbdee6c9dcf52f67a5bbaf7771c6a0946a32b208651159e1512c832 27597 libXrender-0.9.12-3.fc43.src.rpm  <- libXrandr libXrender.so.1()(64bit)
root  libXtst-1.2.5-3.fc43.aarch64.rpm 0 8072246679b2bf87dedd0779931b6003a190168c26fb1d24ace367d52ad7ce64 21159 libXtst-1.2.5-3.fc43.src.rpm  <- tigervnc-x11-server libXtst.so.6()(64bit)
root  libblkid-2.41.5-1.fc43.aarch64.rpm 0 b8682daaa4cc35081b5c59b8e548ed9affe58fb077d3bf8adede2aee41a3a3ca 124897 util-linux-2.41.5-1.fc43.src.rpm  <- libmount libblkid.so.1()(64bit)
root  libbrotli-1.2.0-1.fc43.aarch64.rpm 0 83cd8c6a2ddcee446f99b1f743c000449c5f53c97d6b45f0c9b5af17f932f6ed 358821 brotli-1.2.0-1.fc43.src.rpm  <- freetype libbrotlidec.so.1()(64bit)
root  libcap-ng-0.9.6-1.fc43.aarch64.rpm 0 5257c043177ae1ebb9eeb5b8f6007a82c4fd0e493fe7c2139852f17ad43994f7 35898 libcap-ng-0.9.6-1.fc43.src.rpm  <- audit-libs libcap-ng.so.0()(64bit)
root  libdrm-2.4.134-1.fc43.aarch64.rpm 0 da5d443c2ea491f51a5433fbe705cfe2f32fd87a2c9e1a4721e08279b6343875 196289 libdrm-2.4.134-1.fc43.src.rpm  <- mesa-dri-drivers libdrm.so.2()(64bit)
root  libeconf-0.7.9-2.fc43.aarch64.rpm 0 f6645a8d7c9f23953e83f6aa2605ccf0c5dfe15e6021a81711a3893f2e101f12 36011 libeconf-0.7.9-2.fc43.src.rpm  <- pam-libs libeconf.so.0()(64bit)
root  libedit-3.1-58.20260512cvs.fc43.aarch64.rpm 0 fe03f71c8205aced2cc4ef22aa319aaddab643a1be6fb26878474f0e021aa012 107160 libedit-3.1-58.20260512cvs.fc43.src.rpm  <- llvm-libs libedit.so.0()(64bit)
root  libffi-3.5.2-1.fc43.aarch64.rpm 0 a1defcf98e9146d69889ff95346c73bc5637a02c75a03abb4dc041b29106e0fc 40316 libffi-3.5.2-1.fc43.src.rpm  <- llvm-libs libffi.so.8()(64bit)
root  libfontenc-1.1.8-4.fc43.aarch64.rpm 0 0476b434f61336fd3b1bf128c1df0af71b1872a46dc7759c398472d9ba5cc7f0 33198 libfontenc-1.1.8-4.fc43.src.rpm  <- libXfont2 libfontenc.so.1()(64bit)
root  libgcc-15.3.1-1.fc43.aarch64.rpm 0 150d21714e9e046680eed73811267e75b774cf2cf655a1f76583ce5eaff5b79d 129898 gcc-15.3.1-1.fc43.src.rpm  <- seed
root  libglvnd-1.7.0-8.fc43.aarch64.rpm 1 f01e1db78698a129657eb6d221c76673a042c72e3032aab0e60e8facc8e6e9f2 111138 libglvnd-1.7.0-8.fc43.src.rpm  <- libglvnd-glx libGLdispatch.so.0()(64bit)
root  libglvnd-glx-1.7.0-8.fc43.aarch64.rpm 1 7608198fdb1ce15e648d7492eac0746a37a8ac434cecc726738bd8a5d8f6d612 132431 libglvnd-1.7.0-8.fc43.src.rpm  <- tigervnc-x11-server libGL.so.1()(64bit)
root  libidn2-2.3.8-2.fc43.aarch64.rpm 0 b45bdd03ae4e80f580ed80a0d06f82c1172c8281cb28033f5c16f754f0d4c5e9 178840 libidn2-2.3.8-2.fc43.src.rpm  <- gnutls libidn2.so.0()(64bit)
root  libjpeg-turbo-3.1.3-1.fc43.aarch64.rpm 0 6778c46d48354ddb0f544fc5d61fd378134539bc91486d6b589ec9c484a45067 257924 libjpeg-turbo-3.1.3-1.fc43.src.rpm  <- tigervnc-x11-server libjpeg.so.62()(64bit)
root  libmount-2.41.5-1.fc43.aarch64.rpm 0 95bf1d767272057ea1e905ed35c59c9638d91710b9a9c80254cb108b1715b924 163937 util-linux-2.41.5-1.fc43.src.rpm  <- glib2 libmount.so.1()(64bit)
root  libpciaccess-0.16-16.fc43.aarch64.rpm 0 289c513d2b8adbf00f61b8985d55dad221e179ce462b506da772e4691c07ec23 26851 libpciaccess-0.16-16.fc43.src.rpm  <- libdrm libpciaccess.so.0()(64bit)
root  libpng-1.6.58-1.fc43.aarch64.rpm 2 6be17c720a9781bacd06c4d1b0f582e03919ed3a3022cb76fdf374908643a60d 120664 libpng-1.6.58-1.fc43.src.rpm  <- freetype libpng16.so.16()(64bit)
root  libselinux-3.9-5.fc43.aarch64.rpm 0 c3060d111b6e6ae7da90a6df65ee92cd2819b01fc357461315adcc183348c645 98943 libselinux-3.9-5.fc43.src.rpm  <- tigervnc-x11-server libselinux.so.1()(64bit)
root  libstdc++-15.3.1-1.fc43.aarch64.rpm 0 d0658a38e029feb227797a8549e37237a9931257be2daa8fb3bea793352afb51 882664 gcc-15.3.1-1.fc43.src.rpm  <- seed
root  libtasn1-4.21.0-1.fc43.aarch64.rpm 0 21d0cd7f71bfc9dde8107203223a31b7bd2ffb5e64488e37497ba9f644cadf19 75553 libtasn1-4.21.0-1.fc43.src.rpm  <- gnutls libtasn1.so.6()(64bit)
root  libunistring-1.1-10.fc43.aarch64.rpm 0 9e21c2e49f0d85da696fd06af290c30a48bdd65a410c62b032816baf9996daf1 552100 libunistring-1.1-10.fc43.src.rpm  <- gnutls libunistring.so.5()(64bit)
root  libxcb-1.17.0-6.fc43.aarch64.rpm 0 35640438083dbe5864a0078fac0f36853e7498de528a83c3e9a3d0491c427c96 247910 libxcb-1.17.0-6.fc43.src.rpm  <- mesa-dri-drivers libxcb-dri3.so.0()(64bit)
root  libxcvt-0.1.2-10.fc43.aarch64.rpm 0 9cc24055c2d345fe19b74d2af3a522dac50a22e7edcb9944e44a5f5b057e85bb 13785 libxcvt-0.1.2-10.fc43.src.rpm  <- tigervnc-x11-server libxcvt.so.0()(64bit)
root  libxkbfile-1.1.3-4.fc43.aarch64.rpm 0 cc86e309f4ed76154248c33bb8e96a2bdea441609320582219163c2973b614c6 91886 libxkbfile-1.1.3-4.fc43.src.rpm  <- xkbcomp libxkbfile.so.1()(64bit)
root  libxml2-2.12.10-5.fc43.aarch64.rpm 0 0b53effe7066e5d40232b568268ca78b918871af5ab418f1c86eca159bfbca87 695029 libxml2-2.12.10-5.fc43.src.rpm  <- llvm-libs libxml2.so.2()(64bit)
root  libxshmfence-1.3.2-7.fc43.aarch64.rpm 0 5c7db5db304e56f0dee339f99d79f529d6965efe92e78bc9f459b184d15cfe40 13849 libxshmfence-1.3.2-7.fc43.src.rpm  <- tigervnc-x11-server libxshmfence.so.1()(64bit)
root  libzstd-1.5.7-2.fc43.aarch64.rpm 0 d92af1b15a7108e1496382aede324bd6ed179097134f59a3659a9be8a9333c6e 290417 zstd-1.5.7-2.fc43.src.rpm  <- mesa-dri-drivers libzstd.so.1()(64bit)
root  llvm-libs-21.1.8-6.fc43.aarch64.rpm 0 8a709014df3303dd353bafee2fcec9a7ea70b1607fd9d150b7e1de1fd24ac006 34921621 llvm-21.1.8-6.fc43.src.rpm  <- mesa-dri-drivers libLLVM.so.21.1()(64bit)
root  lm_sensors-libs-3.6.0-23.fc43.aarch64.rpm 0 edf2aeff536510e65d5638fc1833b9eaa452a02eaa3071bfddf09b9fc7df2ad2 41523 lm_sensors-3.6.0-23.fc43.src.rpm  <- mesa-dri-drivers libsensors.so.4()(64bit)
root  mesa-dri-drivers-25.3.6-3.fc43.aarch64.rpm 0 bb5977c676473db22c6b6ca7525dbe3b80c1c8e1558cf6ff8c4cde0d7e8fe17e 10272292 mesa-25.3.6-3.fc43.src.rpm  <- seed
root  mesa-libgbm-25.3.6-3.fc43.aarch64.rpm 0 a03abd135ae614e32262c46642bc9dd294e47cf7e7cb6ca0fbfd3020abf2593c 17464 mesa-25.3.6-3.fc43.src.rpm  <- tigervnc-x11-server libgbm.so.1()(64bit)
root  ncurses-libs-6.5-7.20250614.fc43.aarch64.rpm 0 0404a6fbf0b9b7ce20f270a4ae2474471fa1f980f250d170b9dee32f67415de8 332346 ncurses-6.5-7.20250614.fc43.src.rpm  <- bash libtinfo.so.6()(64bit)
root  nettle-3.10.1-2.fc43.aarch64.rpm 0 2d2fbc54152074db83b3c89b2cbd40b812a54ec47067285f403ee8ded66f521e 435870 nettle-3.10.1-2.fc43.src.rpm  <- tigervnc-x11-server libhogweed.so.6()(64bit)
root  p11-kit-0.26.5-1.fc43.aarch64.rpm 0 c8559abfe14849c4a73dd66828280fc7a1eda7fde6b24963c065401136d175de 543340 p11-kit-0.26.5-1.fc43.src.rpm  <- gnutls libp11-kit.so.0()(64bit)
root  pam-libs-1.7.1-5.fc43.aarch64.rpm 0 112dcbe1714b0b72d1ce500e69eea41b230c13e10eed8a1c531616707b74e8ff 57570 pam-1.7.1-5.fc43.src.rpm  <- tigervnc-x11-server libpam.so.0()(64bit)
root  pcre2-10.47-1.fc43.aarch64.rpm 0 3bbee47a258d00f513fa4795d084353c88d57d3d77b6d9694e5eb12612e548a9 252096 pcre2-10.47-1.fc43.src.rpm  <- libselinux libpcre2-8.so.0()(64bit)
root  pixman-0.46.2-2.fc43.aarch64.rpm 0 add0d889a8b533609602dcb95878294df16e2cd3f1aeba95c89ff3c56700c8af 218312 pixman-0.46.2-2.fc43.src.rpm  <- tigervnc-x11-server libpixman-1.so.0()(64bit)
root  spirv-tools-libs-2026.1-2.fc43.aarch64.rpm 0 28713cb86c900574aefb6468899da47ec88c18c5514814be97878a451d95f291 1638795 spirv-tools-2026.1-2.fc43.src.rpm  <- mesa-dri-drivers libSPIRV-Tools.so()(64bit)
root  tigervnc-x11-server-1.16.2-4.fc43.aarch64.rpm 0 7554a3b473492bfe813dad6f82514d5efdc72e9c3d27256a36c50a328aeee8b5 1388983 tigervnc-1.16.2-4.fc43.src.rpm  <- seed tigervnc-server-minimal, obsoleted by tigervnc-x11-server
root  xkbcomp-1.5.0-1.fc43.aarch64.rpm 0 77437eb5b136a7baa71959c5dc2c9c851a8882fa995cede38b3b84a671d6e36e 98993 xkbcomp-1.5.0-1.fc43.src.rpm  <- seed
root  xkeyboard-config-2.46-1.fc43.noarch.rpm 0 e462a179bfb47bba638dbcadf92ca3d051c98512469b1adde058609c1bb2cf93 1017452 xkeyboard-config-2.46-1.fc43.src.rpm  <- seed
root  xz-libs-5.8.1-4.fc43.aarch64.rpm 1 f8e075c62a5ad22badccac53d829c623d3ec534d116d3fe1127de903222c109f 113716 xz-5.8.1-4.fc43.src.rpm  <- libxml2 liblzma.so.5()(64bit)
root  zlib-ng-compat-2.3.3-2.fc43.aarch64.rpm 0 8d62c2929af5b6b000de1080efa8c16f8af42afab60feff1ff80c9846ad8186a 73968 zlib-ng-2.3.3-2.fc43.src.rpm  <- tigervnc-x11-server libz.so.1()(64bit)
build glibc-devel-2.42-16.fc43.aarch64.rpm 0 d42b7f380d83bfa8d436957f65111085e16224663e7e0ad9635635946b40fa7f 579154 glibc-2.42-16.fc43.src.rpm  <- samples
build glibc-static-2.42-16.fc43.aarch64.rpm 0 ad0e2205abf88e936b7c66b36173536d635f9e7dcf2960c2970dbeb6e30d4462 6125025 glibc-2.42-16.fc43.src.rpm  <- samples
build kernel-headers-7.2.4-100.fc43.aarch64.rpm 0 1083cc19cbaa03800cb1cfd95fba3aa621c4ccade815da2718ff2f6b593b9218 1798306 kernel-headers-7.2.4-100.fc43.src.rpm  <- samples
build gcc-15.3.1-1.fc43.aarch64.rpm 0 3ab396c6b37a580e5c8886cf4e9c4532ed36f75b7f48e9e303ec5b82538b7432 37983213 gcc-15.3.1-1.fc43.src.rpm  <- samples
build vulkan-headers-1.4.341.0-1.fc43.noarch.rpm 0 0323b79321aabe8d349c51c2742b99ce4f1ab4e1046fa7bbcafc0d02ed6ade69 1736544 vulkan-headers-1.4.341.0-1.fc43.src.rpm  <- samples
