# scripts/mkroot-rpm.lock -- written by scripts/mkroot-rpm.sh --relock, not by hand.
# Fedora 43 aarch64 Everything, resolved 2026-09-29 from
#   releases  repomd revision 1761190638, a29dc3fcc86b6e10fab525e6de0b97e851b5e4e7fc3691d40d72efe6757a733d-primary.xml.zst
#   updates   repomd revision 1790641463, d24440681d986b5e983a9f500858e028ae514031f24ffbe788e6373529588ee0-primary.xml.zst
# root seeds: glibc libgcc libstdc++ bash coreutils-single weston weston-demo wayland-utils xkeyboard-config xwd xwininfo xdpyinfo fontconfig dejavu-sans-fonts dejavu-sans-mono-fonts glibc-common glibc-langpack-en + their shared-library closure
# build (samples only, not closed over): glibc-devel glibc-static kernel-headers gcc vulkan-headers
# NEVRA = name-epoch:version-release.arch = epoch + file name.
#
# group file epoch sha256 size source-rpm  <- why
root  alsa-lib-1.2.16.1-1.fc43.aarch64.rpm 0 6b50ab3a582636b58d20ba615d3b7d74251dc987230595454e592162dacf2ab3 532762 alsa-lib-1.2.16.1-1.fc43.src.rpm  <- freerdp-libs libasound.so.2()(64bit)
root  aml-0.3.0-8.fc43.aarch64.rpm 0 db473078e62843bb1c176fd8037ceef0837e7708df7356c9200a2c5996680fa5 20510 aml-0.3.0-8.fc43.src.rpm  <- weston-libs libaml.so.0()(64bit)
root  aribb24-1.0.3^20160216git5e9be27-3.fc43.aarch64.rpm 0 e01827f9c1285ab6439a09000e9cb7666418f2ee6d61dd96461e0e2834276824 40786 aribb24-1.0.3^20160216git5e9be27-3.fc43.src.rpm  <- libavcodec-free libaribb24.so.0()(64bit)
root  audit-libs-4.2.1-1.fc43.aarch64.rpm 0 7180f9d2029d42ff3aa1fbd6648f786c23fdc7bc86dada5eac19836af7cdc18a 144738 audit-4.2.1-1.fc43.src.rpm  <- pam-libs libaudit.so.1()(64bit)
root  avahi-libs-0.9~rc2-6.fc43.aarch64.rpm 0 2ba2548835b7147ae56ba99b9eef32276dbea0b9d73e82206a8c71019553c027 67406 avahi-0.9~rc2-6.fc43.src.rpm  <- pipewire-libs libavahi-client.so.3()(64bit)
root  bash-5.3.0-2.fc43.aarch64.rpm 0 2c335e0a00c8918516478e4d91820e00b405e60d3fc33c27a392d5b03de6819c 1928591 bash-5.3.0-2.fc43.src.rpm  <- seed
root  bluez-libs-5.87+1.git8750129efca8-1.fc43.aarch64.rpm 0 1a80bb5cdb4456125e98b35c397370597a7f3b59496ca19340ae524d22c14dbe 91842 bluez-5.87+1.git8750129efca8-1.fc43.src.rpm  <- pipewire-libs libbluetooth.so.3()(64bit)
root  bzip2-libs-1.0.8-21.fc43.aarch64.rpm 0 27a3519cbb6809899c491713ab52bbd7e37dcfd9ee71b8693e6f95d1fe7b8599 41879 bzip2-1.0.8-21.fc43.src.rpm  <- freetype libbz2.so.1()(64bit)
root  cairo-1.18.4-2.fc43.aarch64.rpm 0 3dcb083be19ea644ead0c5a9f4a8ecde8faba8004dcbc33e34c760c8645097af 715855 cairo-1.18.4-2.fc43.src.rpm  <- weston libcairo.so.2()(64bit)
root  cairo-gobject-1.18.4-2.fc43.aarch64.rpm 0 538a6ab8cb8bedb70703c8c844567c02731d63533098127a805d65a328b53497 17330 cairo-1.18.4-2.fc43.src.rpm  <- librsvg2 libcairo-gobject.so.2()(64bit)
root  cdparanoia-libs-10.2-48.fc43.aarch64.rpm 0 2364c4f310c4b1d67e81849270edd1025de0392d5ecde86426ef52e4242fc92e 54668 cdparanoia-10.2-48.fc43.src.rpm  <- gstreamer1-plugins-base libcdda_interface.so.0()(64bit)
root  cjson-1.7.18-3.fc43.aarch64.rpm 0 fa7f99889b3adcba22448f2889005b2162319487542fc9b4de74df730b4ff7d3 32473 cjson-1.7.18-3.fc43.src.rpm  <- librist libcjson.so.1()(64bit)
root  codec2-1.2.0-7.fc43.aarch64.rpm 0 ac623d9c72dc7dd417eeb9f52dacd70291d0d50b5f839e3cd8530286712a7692 653829 codec2-1.2.0-7.fc43.src.rpm  <- libavcodec-free libcodec2.so.1.2()(64bit)
root  coreutils-single-9.7-10.fc43.aarch64.rpm 0 b7c658ac604a7c96f588c649501617172987350e7eade0d78c0d14a6cf0562a7 662487 coreutils-9.7-10.fc43.src.rpm  <- seed
root  cups-libs-2.4.19-3.fc43.aarch64.rpm 1 6017698c5d07db3ea65637c19c47b8c199d05197d8f747707a372eafbb678a3f 266896 cups-2.4.19-3.fc43.src.rpm  <- freerdp-libs libcups.so.2()(64bit)
root  cyrus-sasl-lib-2.1.28-33.fc43.aarch64.rpm 0 8c5e5830e607e16d6470cf8599251ac131453fc0f5517dfe0e2270c210389e70 792527 cyrus-sasl-2.1.28-33.fc43.src.rpm  <- openldap libsasl2.so.3()(64bit)
root  dbus-libs-1.16.2-1.fc43.aarch64.rpm 1 5dd5dc686f1f24d69d47606bfd2d4ae7d5801f3d9968e537e8be4343bb1b1c2c 149019 dbus-1.16.2-1.fc43.src.rpm  <- pipewire-libs libdbus-1.so.3()(64bit)
root  dejavu-sans-fonts-2.37-26.fc43.noarch.rpm 0 6be2cfaa460d4600e3e7ffca27ba40b43e2167194d6131551ae94d8389fcb5ac 1389451 dejavu-fonts-2.37-26.fc43.src.rpm  <- seed
root  dejavu-sans-mono-fonts-2.37-26.fc43.noarch.rpm 0 022f8c7f06ba0c95738bb5c5f7d58629e5c0c5bf3c6993c81ada7dddd93237c8 480192 dejavu-fonts-2.37-26.fc43.src.rpm  <- seed
root  elfutils-libelf-0.196-1.fc43.aarch64.rpm 0 dcfd2ff7bc838c74bc0baefa2d865f3cffe031c586ba0f4aad0b7e2938f099fd 240424 elfutils-0.196-1.fc43.src.rpm  <- elfutils-libs libelf.so.1()(64bit)
root  elfutils-libs-0.196-1.fc43.aarch64.rpm 0 d7d2a0f4e3fb28993dac1fa66c8da1fa856d77fe81f8396f2cbb9d1bb1bd4add 273770 elfutils-0.196-1.fc43.src.rpm  <- gstreamer1 libdw.so.1()(64bit)
root  expat-2.8.3-1.fc43.aarch64.rpm 0 b6ee8eb2c5fbb1b8245d3f56608739ebe98bd0992f4f03158b68c0f9ff596f6c 126258 expat-2.8.3-1.fc43.src.rpm  <- mesa-libgbm libexpat.so.1()(64bit)
root  fdk-aac-free-2.0.0-16.fc43.aarch64.rpm 0 15d27ea44ea227ad2cd9167de72c7393632b85220778611d78e27c454f219e22 330576 fdk-aac-free-2.0.0-16.fc43.src.rpm  <- freerdp-libs libfdk-aac.so.2()(64bit)
root  fftw-libs-double-3.3.10-16.fc43.aarch64.rpm 0 0f95bfc917118bc63af30d25b073dd035b4e3d1807b5ef749e63abb89101d2d2 686312 fftw-3.3.10-16.fc43.src.rpm  <- rubberband-libs libfftw3.so.3()(64bit)
root  fftw-libs-single-3.3.10-16.fc43.aarch64.rpm 0 af3f447132e73d56ce35f3aa447b2be4f496e5e0f25bf1e8792cdeef25cb00c8 715178 fftw-3.3.10-16.fc43.src.rpm  <- pipewire-libs libfftw3f.so.3()(64bit)
root  flac-libs-1.5.0-5.fc43.aarch64.rpm 0 2e8a2c788f4d1f31714ef64f0b9836c166a538d4fc6bc8812e3648e7e876baa9 196418 flac-1.5.0-5.fc43.src.rpm  <- libsndfile libFLAC.so.14()(64bit)
root  flite-2.2-12.fc43.aarch64.rpm 0 4445edfc3cc98a4d07e4c552257875798f2751ffcf0c99ad01db963f43792bdc 13005426 flite-2.2-12.fc43.src.rpm  <- libavfilter-free libflite.so.1()(64bit)
root  fontconfig-2.17.0-3.fc43.aarch64.rpm 0 11a0a9a07a3f4fa4b376c6771824087e44aa5c8c7a086667cbebd44f165370f1 281059 fontconfig-2.17.0-3.fc43.src.rpm  <- seed
root  freerdp-libs-3.31.1-1.fc43.aarch64.rpm 2 1800b261baeda7ecab0298e94896ad0e20d67a99eccd42a6c13aae064af5ae51 1354068 freerdp-3.31.1-1.fc43.src.rpm  <- weston-libs libfreerdp-server3.so.3()(64bit)
root  freetype-2.13.3-3.fc43.aarch64.rpm 0 8ebdde8fc4b800634c38750f91bc06b9ccf67f77d2dff06dabf1c049c1f03255 411632 freetype-2.13.3-3.fc43.src.rpm  <- fontconfig libfreetype.so.6()(64bit)
root  fribidi-1.0.16-3.fc43.aarch64.rpm 0 7df5718d1b3ebb34210ccbb3e3c0443f3243cc64a9e5397192f97250b30ee64f 54808 fribidi-1.0.16-3.fc43.src.rpm  <- pango libfribidi.so.0()(64bit)
root  fuse3-libs-3.16.2-6.fc43.aarch64.rpm 0 24576e957b2388b4df7486d858c202cad59a314179198a7ceed388d1c0419cc7 92300 fuse3-3.16.2-6.fc43.src.rpm  <- freerdp-libs libfuse3.so.3()(64bit)
root  game-music-emu-0.6.4-2.fc43.aarch64.rpm 0 85ef83d1acb03b324d456e2f16e125a488425be240050b0d6def10e2099443f8 164240 game-music-emu-0.6.4-2.fc43.src.rpm  <- libavformat-free libgme.so.0()(64bit)
root  gdbm-libs-1.23-10.fc43.aarch64.rpm 1 98d3f75018dbb020bba544fba843504d1acd3a5f4d5e87f6cdb3a75213f29fd8 57361 gdbm-1.23-10.fc43.src.rpm  <- cyrus-sasl-lib libgdbm.so.6()(64bit)
root  gdk-pixbuf2-2.44.6^really2.44.4-3.fc43.aarch64.rpm 0 46e49217964a70b380162d5fb8b3876dc76b00b19cec8e1a9a581a6fcc6ecb77 496043 gdk-pixbuf2-2.44.6^really2.44.4-3.fc43.src.rpm  <- librsvg2 libgdk_pixbuf-2.0.so.0()(64bit)
root  giflib-5.2.2-9.fc43.aarch64.rpm 0 3b0bd02e8288d9f9a226d0890fc2e63c5dc8e1ef0e4bfab2a6fd26d0182041ac 53111 giflib-5.2.2-9.fc43.src.rpm  <- leptonica libgif.so.7()(64bit)
root  glib2-2.86.5-1.fc43.aarch64.rpm 0 0c4b0f7fe178e2de9cb18110e09a364ff2bdd3b9160595495db44cf596072fd3 3208570 glib2-2.86.5-1.fc43.src.rpm  <- weston libgobject-2.0.so.0()(64bit)
root  glibc-2.42-16.fc43.aarch64.rpm 0 0a6651548c09a06a74ee92598dc69e0d3d0004b05b47d2d9be4cd4d129d95d6f 1910697 glibc-2.42-16.fc43.src.rpm  <- seed
root  glibc-common-2.42-16.fc43.aarch64.rpm 0 3281b8286bd7ab3a031c52fe70482154d595d346fe08997eec75b414c4d39a24 327355 glibc-2.42-16.fc43.src.rpm  <- seed
root  glibc-langpack-en-2.42-16.fc43.aarch64.rpm 0 479db203f96be940896b5117c0616f05a0c78d4144c9deebed95027acc756b56 601252 glibc-2.42-16.fc43.src.rpm  <- seed
root  glycin-libs-2.0.8-1.fc43.aarch64.rpm 0 ba6de11186cd990e635f0b4cd7deb6ceee1aec8ec8576bf9b4f117955e4147af 1541137 glycin-2.0.8-1.fc43.src.rpm  <- gdk-pixbuf2 libglycin-2.so.0()(64bit)
root  gmp-6.3.0-4.fc43.aarch64.rpm 1 4af05b1b4d9829fa93093c4df2eebe1fc818fab6c43bb8208617c69063a7ab5c 277807 gmp-6.3.0-4.fc43.src.rpm  <- gnutls libgmp.so.10()(64bit)
root  gnutls-3.8.13-1.fc43.aarch64.rpm 0 4bad812cdf5a9375fdaace712099d21d014217bd8a3717021aca3f3a219e4188 1371883 gnutls-3.8.13-1.fc43.src.rpm  <- glib2 libgnutls.so.30()(64bit)
root  graphene-1.10.8-2.fc43.aarch64.rpm 0 b672109896567a403546ab1c417a2bb93f1b48f74c780bfeb3ddf1741d7d49ed 64434 graphene-1.10.8-2.fc43.src.rpm  <- gstreamer1-plugins-base libgraphene-1.0.so.0()(64bit)
root  graphite2-1.3.14-19.fc43.aarch64.rpm 0 a48836d6aa13698e31ca606cd17f816a42930ee4bb63bf0ff2f3d443ffac24ad 93931 graphite2-1.3.14-19.fc43.src.rpm  <- harfbuzz libgraphite2.so.3()(64bit)
root  gsm-1.0.23-1.fc43.aarch64.rpm 0 eb771cfa2ae28c167c9070cee4bb1f9549ea78691a4ceed75e16e6998ee1f0af 35988 gsm-1.0.23-1.fc43.src.rpm  <- freerdp-libs libgsm.so.1()(64bit)
root  gstreamer1-1.26.11-1.fc43.aarch64.rpm 0 ffbcb13973d5025767a4c583463b9fe5a165b3eb1117160a90302d0f8659364c 1696105 gstreamer1-1.26.11-1.fc43.src.rpm  <- weston-libs libgstreamer-1.0.so.0()(64bit)
root  gstreamer1-plugins-base-1.26.11-1.fc43.aarch64.rpm 0 4cb749adbdb02b9306632d9a66edfbf32b1c87170d922734c20b9bb235400d64 2307053 gstreamer1-plugins-base-1.26.11-1.fc43.src.rpm  <- weston-libs libgstallocators-1.0.so.0()(64bit)
root  harfbuzz-11.5.1-2.fc43.aarch64.rpm 0 f46bf23cde29e7deff86e0402679ae7f2c981125e48291e33cc9c422d3d3aa58 1101305 harfbuzz-11.5.1-2.fc43.src.rpm  <- pango libharfbuzz.so.0()(64bit)
root  highway-1.3.0-1.fc43.aarch64.rpm 0 989bc5d76d6a43e373bd360f36e7532043f609029eb93b5c97e8a9ff6f750b89 177856 highway-1.3.0-1.fc43.src.rpm  <- libjxl libhwy.so.1()(64bit)
root  ilbc-3.0.4-17.fc43.aarch64.rpm 0 e420d0b61c7ceb165db387ec091dccb7dc6f16b16e7e5566bc137e6666b40631 56146 ilbc-3.0.4-17.fc43.src.rpm  <- libavcodec-free libilbc.so.3()(64bit)
root  jansson-2.14-3.fc43.aarch64.rpm 0 3f57b19e935234efb48ead2b6f7a9098467a2f2dfb54954c4ae8095cebffe635 47810 jansson-2.14-3.fc43.src.rpm  <- samba-client-libs libjansson.so.4()(64bit)
root  jbigkit-libs-2.1-32.fc43.aarch64.rpm 0 d76777ea9447d172bf86b8411b813d71958162b976ba4e09f688ac477c0cf0df 53906 jbigkit-2.1-32.fc43.src.rpm  <- libtiff libjbig.so.2.1()(64bit)
root  json-c-0.18-7.fc43.aarch64.rpm 0 77627f91eae076a9029fb4a1798594d50bd3cc8268a8f846ed93aea1378b7054 46206 json-c-0.18-7.fc43.src.rpm  <- libwinpr libjson-c.so.5()(64bit)
root  json-glib-1.10.8-4.fc43.aarch64.rpm 0 d71f28f81c2b83ada03724035977559a34a22843c00b207705b87371b651b241 173713 json-glib-1.10.8-4.fc43.src.rpm  <- sso-mib-libs libjson-glib-1.0.so.0()(64bit)
root  keyutils-libs-1.6.3-6.fc43.aarch64.rpm 0 75e8b2a372a453fcb585709c39920268da7ca0012639c599585997472b545976 32272 keyutils-1.6.3-6.fc43.src.rpm  <- krb5-libs libkeyutils.so.1()(64bit)
root  krb5-libs-1.22.2-4.fc43.aarch64.rpm 0 94e1ff20089a43aa32a2b6ad9fefbdfa025481c8e95d3bace2e16a87241a1612 780139 krb5-1.22.2-4.fc43.src.rpm  <- libwinpr libk5crypto.so.3()(64bit)
root  lame-libs-3.100-20.fc43.aarch64.rpm 0 925b6e43d25fa2234f84c093b128992e7a08354f368e53103838589fc2a2c3f7 344077 lame-3.100-20.fc43.src.rpm  <- freerdp-libs libmp3lame.so.0()(64bit)
root  lcms2-2.16-6.fc43.aarch64.rpm 0 622db46863c585b606e10a1f20e78f5b173d81d524e75a5816c102037f1b7224 185090 lcms2-2.16-6.fc43.src.rpm  <- weston-libs liblcms2.so.2()(64bit)
root  leptonica-1.87.0-1.fc43.aarch64.rpm 0 c52762e9efd3aa0823e14ecfc263a7fa496a6885df04944e9dec3c3d593af8e5 1212688 leptonica-1.87.0-1.fc43.src.rpm  <- tesseract-libs libleptonica.so.6()(64bit)
root  libX11-1.8.13-1.fc43.aarch64.rpm 0 a1a37166d043b49310acec72712181e71689cbc222ed79069c860f26957ea3ff 660572 libX11-1.8.13-1.fc43.src.rpm  <- xwd libX11.so.6()(64bit)
root  libX11-xcb-1.8.13-1.fc43.aarch64.rpm 0 1be4fa1db1bbc7632d5e86d403489071cb35881f53459355d2a872be84e0f89a 11441 libX11-1.8.13-1.fc43.src.rpm  <- xdpyinfo libX11-xcb.so.1()(64bit)
root  libXau-1.0.12-3.fc43.aarch64.rpm 0 8216b1ca246da1058e6b94ce217746448398b5c9ea508b31f9015134504c36ad 34454 libXau-1.0.12-3.fc43.src.rpm  <- libxcb libXau.so.6()(64bit)
root  libXcomposite-0.4.6-6.fc43.aarch64.rpm 0 04f6fc0d133fd491f2d19a7c913dae8dd32fd975f44998f83f318673ac4ae9ae 24917 libXcomposite-0.4.6-6.fc43.src.rpm  <- xdpyinfo libXcomposite.so.1()(64bit)
root  libXcursor-1.2.3-3.fc43.aarch64.rpm 0 554f4ab8d6bbd1b6aa83765d3159e96d5cff16d1fccaf8255842f7ba11605684 31852 libXcursor-1.2.3-3.fc43.src.rpm  <- weston-libs libXcursor.so.1()(64bit)
root  libXdamage-1.1.6-6.fc43.aarch64.rpm 0 a0921a3cea54fd2e8a08c474c5d336a6b8371a4a2c4a1b5c65816a74cec81243 24035 libXdamage-1.1.6-6.fc43.src.rpm  <- freerdp-libs libXdamage.so.1()(64bit)
root  libXext-1.3.6-4.fc43.aarch64.rpm 0 12135d30c4e37d2cf9a463d54d75de4cf2e37019c4fe31e7bed86bdc1d164178 39291 libXext-1.3.6-4.fc43.src.rpm  <- xdpyinfo libXext.so.6()(64bit)
root  libXfixes-6.0.1-6.fc43.aarch64.rpm 0 4acfc7ad7716d6abdeba7537050ce1c7e88128310deb94441d8180813e5b41ab 19746 libXfixes-6.0.1-6.fc43.src.rpm  <- libXcursor libXfixes.so.3()(64bit)
root  libXft-2.3.8-9.fc43.aarch64.rpm 0 c1276f0a72c1bd7e5c2b7f78c42c1aa9c635224cfb6b0de934941501bd64e596 72051 libXft-2.3.8-9.fc43.src.rpm  <- pango libXft.so.2()(64bit)
root  libXi-1.8.2-3.fc43.aarch64.rpm 0 215bcb474b7e9aab2f1e0f08bf7840747bd56cb0861a13dc9684e142e974fa5c 40534 libXi-1.8.2-3.fc43.src.rpm  <- xdpyinfo libXi.so.6()(64bit)
root  libXinerama-1.1.5-9.fc43.aarch64.rpm 0 990f9f79860f48322e3558c4ec7a89261acbc70f5a04b3017a75f88345971f35 14591 libXinerama-1.1.5-9.fc43.src.rpm  <- xdpyinfo libXinerama.so.1()(64bit)
root  libXrender-0.9.12-3.fc43.aarch64.rpm 0 a73c487d6dbdee6c9dcf52f67a5bbaf7771c6a0946a32b208651159e1512c832 27597 libXrender-0.9.12-3.fc43.src.rpm  <- xdpyinfo libXrender.so.1()(64bit)
root  libXtst-1.2.5-3.fc43.aarch64.rpm 0 8072246679b2bf87dedd0779931b6003a190168c26fb1d24ace367d52ad7ce64 21159 libXtst-1.2.5-3.fc43.src.rpm  <- xdpyinfo libXtst.so.6()(64bit)
root  libXv-1.0.13-3.fc43.aarch64.rpm 0 0657cba5b44ad1d7c19ae454291590f81bed24492d680f8dabdbf3ec2a2919f1 19113 libXv-1.0.13-3.fc43.src.rpm  <- gstreamer1-plugins-base libXv.so.1()(64bit)
root  libXxf86dga-1.1.6-6.fc43.aarch64.rpm 0 4c2412bd92f39675b269673be1bd6717e222bad115abb68c6d02719b1c75aa62 20593 libXxf86dga-1.1.6-6.fc43.src.rpm  <- xdpyinfo libXxf86dga.so.1()(64bit)
root  libXxf86vm-1.1.6-3.fc43.aarch64.rpm 0 6faa2c4c4731b07cf6f0534836df3b4cf054b13715bba735e9bd27add5c56bd1 17989 libXxf86vm-1.1.6-3.fc43.src.rpm  <- xdpyinfo libXxf86vm.so.1()(64bit)
root  libacl-2.4.0-1.fc43.aarch64.rpm 0 0e1e8f7dbaed6bfc55a98bc5735230e0e24040f4357e6615799dd6d1445aaba6 26984 acl-2.4.0-1.fc43.src.rpm  <- coreutils-single libacl.so.1()(64bit)
root  libaom-3.13.3-1.fc43.aarch64.rpm 0 29f49bcb815118b83da47a0fca1863a276c746d83e2137a4a8e8b70a6cc68733 1734480 aom-3.13.3-1.fc43.src.rpm  <- libavcodec-free libaom.so.3()(64bit)
root  libaribcaption-1.1.1-3.fc43.aarch64.rpm 0 6f5a53bd3a0c372188ee722e499e57ebbce08c6b5005969959843bc5ec4ea7c6 107949 libaribcaption-1.1.1-3.fc43.src.rpm  <- libavcodec-free libaribcaption.so.1()(64bit)
root  libass-0.17.3-4.fc43.aarch64.rpm 0 f5a56be2b2b336c2a99c8c2cedec38d02653d93f7aeeaae29a39050fde64a9a5 121307 libass-0.17.3-4.fc43.src.rpm  <- libavfilter-free libass.so.9()(64bit)
root  libasyncns-0.8-31.fc43.aarch64.rpm 0 b7dc923f48cd146b6cc3eca5f7e9d5a684c2d627d6798bc413797140865fbc25 30094 libasyncns-0.8-31.fc43.src.rpm  <- pulseaudio-libs libasyncns.so.0()(64bit)
root  libattr-2.6.0-1.fc43.aarch64.rpm 0 c1a168230946185d28cf9e78323b626a271e23fb5171e536a8bfeb2674088f26 17726 attr-2.6.0-1.fc43.src.rpm  <- coreutils-single libattr.so.1()(64bit)
root  libavcodec-free-7.1.5-1.fc43.aarch64.rpm 0 4db4a679c6d8ecc9ed86a3c6cf2ac783f6e05fbb7313c621dff55eadbecc4f5b 4160311 ffmpeg-7.1.5-1.fc43.src.rpm  <- neatvnc libavcodec.so.61()(64bit)
root  libavfilter-free-7.1.5-1.fc43.aarch64.rpm 0 eeb6f76aba0d75525d401e8ae3b53a8bd595da8da54b6764e4e2672acf2ca3cb 1407693 ffmpeg-7.1.5-1.fc43.src.rpm  <- neatvnc libavfilter.so.10()(64bit)
root  libavformat-free-7.1.5-1.fc43.aarch64.rpm 0 061f3430591b262c7a81cd72199b32f129e77213c9376ff62c450b305b94a17c 1166770 ffmpeg-7.1.5-1.fc43.src.rpm  <- libavfilter-free libavformat.so.61()(64bit)
root  libavutil-free-7.1.5-1.fc43.aarch64.rpm 0 f87e1a78e54af23b92b450c11f08a5e045bb7d1a36f62175f55bc9dc522c47ff 330509 ffmpeg-7.1.5-1.fc43.src.rpm  <- neatvnc libavutil.so.59()(64bit)
root  libblkid-2.41.5-1.fc43.aarch64.rpm 0 b8682daaa4cc35081b5c59b8e548ed9affe58fb077d3bf8adede2aee41a3a3ca 124897 util-linux-2.41.5-1.fc43.src.rpm  <- libmount libblkid.so.1()(64bit)
root  libbluray-1.3.4-11.fc43.aarch64.rpm 0 0fe15cc5a3631f6e96664a21fef00329c398933ad44f72fd46c105fc2e799b9c 176650 libbluray-1.3.4-11.fc43.src.rpm  <- libavformat-free libbluray.so.2()(64bit)
root  libbrotli-1.2.0-1.fc43.aarch64.rpm 0 83cd8c6a2ddcee446f99b1f743c000449c5f53c97d6b45f0c9b5af17f932f6ed 358821 brotli-1.2.0-1.fc43.src.rpm  <- freetype libbrotlidec.so.1()(64bit)
root  libbs2b-3.1.0-36.fc43.aarch64.rpm 0 9a9db98e2fdf02a248d86eb6733bad5d0bfc32091c6e586051987d200714162a 29139 libbs2b-3.1.0-36.fc43.src.rpm  <- libavfilter-free libbs2b.so.0()(64bit)
root  libcap-2.76-4.fc43.aarch64.rpm 0 e2610919d49df0df1f3bfa7ae03ed274aebe17fb46393c949941fac2ebb645e1 89200 libcap-2.76-4.fc43.src.rpm  <- coreutils-single libcap.so.2()(64bit)
root  libcap-ng-0.9.6-1.fc43.aarch64.rpm 0 5257c043177ae1ebb9eeb5b8f6007a82c4fd0e493fe7c2139852f17ad43994f7 35898 libcap-ng-0.9.6-1.fc43.src.rpm  <- audit-libs libcap-ng.so.0()(64bit)
root  libcbor-0.12.0-6.fc43.aarch64.rpm 0 5a607e35cb349e18da05b2b7546e2c9698443afff5cbff1dbe316915a9df6e6e 33344 libcbor-0.12.0-6.fc43.src.rpm  <- freerdp-libs libcbor.so.0.12()(64bit)
root  libchromaprint-1.6.0-1.fc43.aarch64.rpm 0 4230e0ce4e1e4a252b447cd3acbeeb72b8e1f130b18b163f51e477237bc926be 41508 chromaprint-1.6.0-1.fc43.src.rpm  <- libavformat-free libchromaprint.so.1()(64bit)
root  libcom_err-1.47.3-2.fc43.aarch64.rpm 0 0e73c39fa0b0d35bc68f227445805dd79c715fe43ba89b5983bd350952361a49 27348 e2fsprogs-1.47.3-2.fc43.src.rpm  <- libwinpr libcom_err.so.2()(64bit)
root  libcurl-8.15.0-10.fc43.aarch64.rpm 0 d41533708e97ca87eaeea36cfc2ae9fcfb846e8e412ca354f7bba8db9b8414a9 401247 curl-8.15.0-10.fc43.src.rpm  <- tesseract-libs libcurl.so.4()(64bit)
root  libdatrie-0.2.13-12.fc43.aarch64.rpm 0 981286e3521823c4ab9499cd1af09f08d73a96dfaf852e02416a2162df84d833 32636 libdatrie-0.2.13-12.fc43.src.rpm  <- libthai libdatrie.so.1()(64bit)
root  libdav1d-1.5.3-1.fc43.aarch64.rpm 0 03830c352c492dafaabcff2f9f496293fe270dcbf5bbec8e4ce1040f4abc4b22 362142 dav1d-1.5.3-1.fc43.src.rpm  <- libavcodec-free libdav1d.so.7()(64bit)
root  libdisplay-info-0.2.0-4.fc43.aarch64.rpm 0 647b08361b33238e21576529c4e8db9270c9eca4d921ddb437332b1bf7fcd8b0 89235 libdisplay-info-0.2.0-4.fc43.src.rpm  <- weston-libs libdisplay-info.so.2()(64bit)
root  libdovi-3.3.2-3.fc43.aarch64.rpm 0 6855103dba506bc7d740e713b4c4b9030cf7f890f4294bf8753bf4df4761e389 253457 rust-dolby_vision-3.3.2-3.fc43.src.rpm  <- libplacebo libdovi.so.3()(64bit)
root  libdrm-2.4.134-1.fc43.aarch64.rpm 0 da5d443c2ea491f51a5433fbe705cfe2f32fd87a2c9e1a4721e08279b6343875 196289 libdrm-2.4.134-1.fc43.src.rpm  <- weston-demo libdrm.so.2()(64bit)
root  libdvdnav-6.1.1-11.fc43.aarch64.rpm 0 a2bb7809b40e00ca9f0d4477d5eb672e5a9227f07bd63ac21eb1d4fb88c7a79a 54669 libdvdnav-6.1.1-11.fc43.src.rpm  <- libavformat-free libdvdnav.so.4()(64bit)
root  libdvdread-6.1.3-10.fc43.aarch64.rpm 0 b712c9f0a23ee69d5ecfb01529a0a7f4cd9dbc6b9ceffb06f5c674bb1ea146f9 71458 libdvdread-6.1.3-10.fc43.src.rpm  <- libavformat-free libdvdread.so.8()(64bit)
root  libebur128-1.2.6-14.fc43.aarch64.rpm 0 7426778f5b8239a2386e97811b2aba155aae123ad3d24ec81b9eec7a2a0b5caf 24955 libebur128-1.2.6-14.fc43.src.rpm  <- pipewire-libs libebur128.so.1()(64bit)
root  libeconf-0.7.9-2.fc43.aarch64.rpm 0 f6645a8d7c9f23953e83f6aa2605ccf0c5dfe15e6021a81711a3893f2e101f12 36011 libeconf-0.7.9-2.fc43.src.rpm  <- pam-libs libeconf.so.0()(64bit)
root  libevdev-1.13.6-1.fc43.aarch64.rpm 0 dc3ac517fd2452e3fd24463a71abc9a45dcd6c7b82e5a11aa01e98d7071c52fa 38545 libevdev-1.13.6-1.fc43.src.rpm  <- weston libevdev.so.2()(64bit)
root  libevent-2.1.13-1.fc43.aarch64.rpm 0 7df4688c46f2663df763d9b744de353414961740365b7b947d0dde4fe16d1ce5 260565 libevent-2.1.13-1.fc43.src.rpm  <- avahi-libs libevent-2.1.so.7()(64bit)
root  libffi-3.5.2-1.fc43.aarch64.rpm 0 a1defcf98e9146d69889ff95346c73bc5637a02c75a03abb4dc041b29106e0fc 40316 libffi-3.5.2-1.fc43.src.rpm  <- glib2 libffi.so.8()(64bit)
root  libfido2-1.16.0-3.fc43.aarch64.rpm 0 0ccdb9209c6c5dc85b4bae1f7bb66c206b9135e301c847f4eaaeaaa65daeb699 98777 libfido2-1.16.0-3.fc43.src.rpm  <- freerdp-libs libfido2.so.1()(64bit)
root  libgcc-15.3.1-1.fc43.aarch64.rpm 0 150d21714e9e046680eed73811267e75b774cf2cf655a1f76583ce5eaff5b79d 129898 gcc-15.3.1-1.fc43.src.rpm  <- seed
root  libgcrypt-1.11.1-4.fc43.aarch64.rpm 0 9b4bfd189f0770d5c5a1e537c648890c29ba8da5f0b60c35e9d6e5258f7a2755 530521 libgcrypt-1.11.1-4.fc43.src.rpm  <- libavutil-free libgcrypt.so.20()(64bit)
root  libglvnd-1.7.0-8.fc43.aarch64.rpm 1 f01e1db78698a129657eb6d221c76673a042c72e3032aab0e60e8facc8e6e9f2 111138 libglvnd-1.7.0-8.fc43.src.rpm  <- libglvnd-egl libGLdispatch.so.0()(64bit)
root  libglvnd-egl-1.7.0-8.fc43.aarch64.rpm 1 fb32d6ff132eacf18b701830b131693e92859275f514f5eb21ec5cd51e752ec9 37086 libglvnd-1.7.0-8.fc43.src.rpm  <- weston-demo libEGL.so.1()(64bit)
root  libglvnd-gles-1.7.0-8.fc43.aarch64.rpm 1 98f29856b2c5e13389c9b5de63a73b61b49c0d680711e5d1f418b2fcd5f0b6c4 30923 libglvnd-1.7.0-8.fc43.src.rpm  <- weston-demo libGLESv2.so.2()(64bit)
root  libglvnd-glx-1.7.0-8.fc43.aarch64.rpm 1 7608198fdb1ce15e648d7492eac0746a37a8ac434cecc726738bd8a5d8f6d612 132431 libglvnd-1.7.0-8.fc43.src.rpm  <- gstreamer1-plugins-base libGLX.so.0()(64bit)
root  libgomp-15.3.1-1.fc43.aarch64.rpm 0 a5a7506925d35a1708bd2f6a31c308f285f568c639894480680842d364e123a5 380993 gcc-15.3.1-1.fc43.src.rpm  <- soxr libgomp.so.1()(64bit)
root  libgpg-error-1.55-2.fc43.aarch64.rpm 0 a43e4541d5c14360f3da186502d357efbcb964514e0df112bdb5f8909eb7da89 249295 libgpg-error-1.55-2.fc43.src.rpm  <- libgcrypt libgpg-error.so.0()(64bit)
root  libgudev-238-8.fc43.aarch64.rpm 0 c205307bbde062ccdac0765d7e5b96ead49cc2a452a26c62a6d24ea7a51d642a 34660 libgudev-238-8.fc43.src.rpm  <- libwacom libgudev-1.0.so.0()(64bit)
root  libicu-77.1-1.fc43.aarch64.rpm 0 48243f1e136ed1ff0159cc36295dbc48fd2b0063bf323db851a83ce29aa5fb11 11089496 icu-77.1-1.fc43.src.rpm  <- libwinpr libicuuc.so.77()(64bit)
root  libidn2-2.3.8-2.fc43.aarch64.rpm 0 b45bdd03ae4e80f580ed80a0d06f82c1172c8281cb28033f5c16f754f0d4c5e9 178840 libidn2-2.3.8-2.fc43.src.rpm  <- gnutls libidn2.so.0()(64bit)
root  libinput-1.30.3-1.fc43.aarch64.rpm 0 ca2e6853aad483587800b7b7e70212a509ceb9befc7c8ef6515bb27d9551b666 263165 libinput-1.30.3-1.fc43.src.rpm  <- weston libinput.so.10()(64bit)
root  libjpeg-turbo-3.1.3-1.fc43.aarch64.rpm 0 6778c46d48354ddb0f544fc5d61fd378134539bc91486d6b589ec9c484a45067 257924 libjpeg-turbo-3.1.3-1.fc43.src.rpm  <- weston libjpeg.so.62()(64bit)
root  libjxl-0.11.2-1.fc43.aarch64.rpm 1 039b907d1aa23eb0e68f7a2d3aab3027d8de80632ead1bfc8d6710db127e848a 873511 jpegxl-0.11.2-1.fc43.src.rpm  <- libavcodec-free libjxl.so.0.11()(64bit)
root  liblc3-1.1.3-5.fc43.aarch64.rpm 0 18ffd222c9680a9e9ed6a66011d990f76714ece67dad861883881d555150a4a4 104216 liblc3-1.1.3-5.fc43.src.rpm  <- pipewire-libs liblc3.so.1()(64bit)
root  libldac-2.0.2.3-18.fc43.aarch64.rpm 0 f95c06fe78813bd9cb122037366c7b8a8e14e9027c6e48cb2fd1233d2c0fdece 42491 libldac-2.0.2.3-18.fc43.src.rpm  <- pipewire-libs libldacBT_abr.so.2()(64bit)
root  libldb-4.23.12-1.fc43.aarch64.rpm 2 221da67236ef94065946e3f39c931020584333179e8d23b38260a43ce4903d8f 195612 samba-4.23.12-1.fc43.src.rpm  <- samba-client-libs libldb.so.2()(64bit)
root  liblerc-4.0.0-9.fc43.aarch64.rpm 0 2d703a6d9d6da2986aa987d57dca55f59f402733e453cd6a443f4ffd93233ffc 199178 liblerc-4.0.0-9.fc43.src.rpm  <- libtiff libLerc.so.4()(64bit)
root  libmodplug-0.8.9.0-28.fc43.aarch64.rpm 1 7cd0a0d4b81665bcafdf2fcea1ce781d7b1f7c458a38980d366ddbb417e3c7e3 174080 libmodplug-0.8.9.0-28.fc43.src.rpm  <- libavformat-free libmodplug.so.1()(64bit)
root  libmount-2.41.5-1.fc43.aarch64.rpm 0 95bf1d767272057ea1e905ed35c59c9638d91710b9a9c80254cb108b1715b924 163937 util-linux-2.41.5-1.fc43.src.rpm  <- glib2 libmount.so.1()(64bit)
root  libmysofa-1.3.3-3.fc43.aarch64.rpm 0 8fd4a295ea0891bcf94142afa9ea3b370511148a3635891d28194ef1576d0b92 43951 libmysofa-1.3.3-3.fc43.src.rpm  <- libavfilter-free libmysofa.so.1()(64bit)
root  libnghttp2-1.66.0-3.fc43.aarch64.rpm 0 43214575f3b74ff8a39ad6ea31b477f027713d178c1ea1c2105e84de8e5f2952 72383 nghttp2-1.66.0-3.fc43.src.rpm  <- libcurl libnghttp2.so.14()(64bit)
root  libogg-1.3.6-2.fc43.aarch64.rpm 2 49481830dbef65fa71bd7221754e52c64d393f9d2822ac7570fb168caac5b3e6 34222 libogg-1.3.6-2.fc43.src.rpm  <- gstreamer1-plugins-base libogg.so.0()(64bit)
root  libopenmpt-0.8.9-1.fc43.aarch64.rpm 0 fe326c5054cc047b2572a9989d96d003f6a6ee25ca5c62a303b1a8c967675fa7 734943 libopenmpt-0.8.9-1.fc43.src.rpm  <- libavformat-free libopenmpt.so.0()(64bit)
root  libpciaccess-0.16-16.fc43.aarch64.rpm 0 289c513d2b8adbf00f61b8985d55dad221e179ce462b506da772e4691c07ec23 26851 libpciaccess-0.16-16.fc43.src.rpm  <- libdrm libpciaccess.so.0()(64bit)
root  libplacebo-7.351.0-3.fc43.aarch64.rpm 0 ab4851846f15c918a9258bcd49f3e0b03bd2f36466a93e7cd3d67fc1d33ffd54 431017 libplacebo-7.351.0-3.fc43.src.rpm  <- libavfilter-free libplacebo.so.351()(64bit)
root  libpng-1.6.58-1.fc43.aarch64.rpm 2 6be17c720a9781bacd06c4d1b0f582e03919ed3a3022cb76fdf374908643a60d 120664 libpng-1.6.58-1.fc43.src.rpm  <- weston libpng16.so.16()(64bit)
root  libpostproc-free-7.1.5-1.fc43.aarch64.rpm 0 a4f0c9f1c534c731348956ec30538827c137cfe770b27a4cf12d10c88714a49a 41155 ffmpeg-7.1.5-1.fc43.src.rpm  <- libavfilter-free libpostproc.so.58()(64bit)
root  libpsl-0.21.5-6.fc43.aarch64.rpm 0 4db3933dc02b3ea47d3fd24ffbc458d9f00fc02206957bbeaa2d1d52c5fbcba7 66690 libpsl-0.21.5-6.fc43.src.rpm  <- libcurl libpsl.so.5()(64bit)
root  librabbitmq-0.17.0-1.fc43.aarch64.rpm 0 26c7993f3abf81c3701566f607132a96a40531548311cb8349f36ae803ec23bf 44248 librabbitmq-0.17.0-1.fc43.src.rpm  <- libavformat-free librabbitmq.so.4()(64bit)
root  librist-0.2.7-10.fc43.aarch64.rpm 0 cc7aafe840c8520f0156d7673b69ecffb37f28707c2376139fa9aa5d1c47a11e 78071 librist-0.2.7-10.fc43.src.rpm  <- libavformat-free librist.so.4()(64bit)
root  librsvg2-2.61.4-1.fc43.aarch64.rpm 0 3c4fbe0abc5e54746be6bc8a62bcc0ab736ef94e8abf752ecf15496cd3a42057 1861214 librsvg2-2.61.4-1.fc43.src.rpm  <- libavcodec-free librsvg-2.so.2()(64bit)
root  libsamplerate-0.2.2-11.fc43.aarch64.rpm 0 492c1dfa36cbd9b43892779956a5c357e4f7e46276d998d8fa1976b44ec684eb 1350383 libsamplerate-0.2.2-11.fc43.src.rpm  <- rubberband-libs libsamplerate.so.0()(64bit)
root  libsbc-2.0-7.fc43.aarch64.rpm 0 13efb19d32d29a6de4f9b34ed5a30a1ae264f5d05687256c807c0f4e4c6d158f 45763 sbc-2.0-7.fc43.src.rpm  <- pipewire-libs libsbc.so.1()(64bit)
root  libseat-0.9.3-1.fc43.aarch64.rpm 0 7033f3ae1be7fbd05d9197b01a7c9977cdb1f531b4498cdc58353289f8c9e77a 28951 seatd-0.9.3-1.fc43.src.rpm  <- weston-libs libseat.so.1()(64bit)
root  libseccomp-2.6.1-2.fc43.aarch64.rpm 0 cb3271ef389e8d2b354da083bde4725d16476db4f6df01abff9e2a6076d35891 77566 libseccomp-2.6.1-2.fc43.src.rpm  <- glycin-libs libseccomp.so.2()(64bit)
root  libselinux-3.9-5.fc43.aarch64.rpm 0 c3060d111b6e6ae7da90a6df65ee92cd2819b01fc357461315adcc183348c645 98943 libselinux-3.9-5.fc43.src.rpm  <- coreutils-single libselinux.so.1()(64bit)
root  libshaderc-2026.1-1.fc43.aarch64.rpm 0 9f8acf08dd678ce436a3ded3ea2a22f02b28290883168fd331790f68215891d6 1131211 shaderc-2026.1-1.fc43.src.rpm  <- libavfilter-free libshaderc_shared.so.1()(64bit)
root  libsmbclient-4.23.12-1.fc43.aarch64.rpm 2 f02991e8375fce1d52c55b74bc8fe7f72e776043677fc89302ea691bec2a0597 80859 samba-4.23.12-1.fc43.src.rpm  <- libavformat-free libsmbclient.so.0()(64bit)
root  libsndfile-1.2.2-10.fc43.aarch64.rpm 0 932f95dacb234fa40075bbe8f48a2751e4126bc443dc1eb2564d69f5f25b08ae 222464 libsndfile-1.2.2-10.fc43.src.rpm  <- pipewire-libs libsndfile.so.1()(64bit)
root  libsodium-1.0.22-1.fc43.aarch64.rpm 0 67d7449d4656e607e1d308ce40dd3006f5cb0d66cdc7a242d04de97a1b0ffa12 165836 libsodium-1.0.22-1.fc43.src.rpm  <- zeromq libsodium.so.26()(64bit)
root  libssh-0.11.5-1.fc43.aarch64.rpm 0 7e2b341da3a66c08c25ecc3c8b8672aef001fc7b02ae406490205dea7d7360a3 238430 libssh-0.11.5-1.fc43.src.rpm  <- libavformat-free libssh.so.4()(64bit)
root  libstdc++-15.3.1-1.fc43.aarch64.rpm 0 d0658a38e029feb227797a8549e37237a9931257be2daa8fb3bea793352afb51 882664 gcc-15.3.1-1.fc43.src.rpm  <- seed
root  libswresample-free-7.1.5-1.fc43.aarch64.rpm 0 de6aeb34b2ce9dd08ccf6c78213d5ea6e9a36d49d398acdda5895f0b68808aeb 61759 ffmpeg-7.1.5-1.fc43.src.rpm  <- libavcodec-free libswresample.so.5()(64bit)
root  libswscale-free-7.1.5-1.fc43.aarch64.rpm 0 9851a8a28b0bc9614ca9cb6348ab1e080954d812ccc35f1c6e19140a184089eb 172058 ffmpeg-7.1.5-1.fc43.src.rpm  <- libavfilter-free libswscale.so.8()(64bit)
root  libtalloc-2.4.3-4.fc43.aarch64.rpm 0 7bb9fc675da4de27d802021204f5669426c22efad513b5508971e00e05ebfdbe 34317 libtalloc-2.4.3-4.fc43.src.rpm  <- libsmbclient libtalloc.so.2()(64bit)
root  libtasn1-4.21.0-1.fc43.aarch64.rpm 0 21d0cd7f71bfc9dde8107203223a31b7bd2ffb5e64488e37497ba9f644cadf19 75553 libtasn1-4.21.0-1.fc43.src.rpm  <- gnutls libtasn1.so.6()(64bit)
root  libtdb-1.4.14-3.fc43.aarch64.rpm 0 6d4dae0dd17f008419d599625359ceedb47c061af0d0123724fd5f4320e237ed 56932 libtdb-1.4.14-3.fc43.src.rpm  <- samba-client-libs libtdb.so.1()(64bit)
root  libtevent-0.17.1-3.fc43.aarch64.rpm 0 5fa1d9d2a438ed2b40099f64f43710cb89b66b74fb3d4c903e64bdf51bb6e897 51600 libtevent-0.17.1-3.fc43.src.rpm  <- libsmbclient libtevent.so.0()(64bit)
root  libthai-0.1.29-11.fc43.aarch64.rpm 0 f2e577390dad50f485e0d287869464dd0671d9f93d50fd94c6c3a78e9690d2d7 214761 libthai-0.1.29-11.fc43.src.rpm  <- pango libthai.so.0()(64bit)
root  libtheora-1.1.1-40.fc43.aarch64.rpm 1 c333a750738ab5e0226972723f77f8a6ea1b6a76e19676e6bd6639a76c233e1f 162149 libtheora-1.1.1-40.fc43.src.rpm  <- gstreamer1-plugins-base libtheoradec.so.1()(64bit)
root  libtiff-4.7.2-1.fc43.aarch64.rpm 0 f1c5a67b9766bb3b2b51780afc9f50b75c91bb20f98d0785bffe8f62e2be821f 216955 libtiff-4.7.2-1.fc43.src.rpm  <- leptonica libtiff.so.6()(64bit)
root  libtirpc-1.3.7-1.rc1.fc43.aarch64.rpm 0 9376e5e3ddc131992a1a59041afea56e9b264d5e6fd522eb2238e3340564833a 95914 libtirpc-1.3.7-1.rc1.fc43.src.rpm  <- samba-client-libs libtirpc.so.3()(64bit)
root  libtool-ltdl-2.5.4-8.fc43.aarch64.rpm 0 1422fb90d9bf306ba31cbbc091675b2e0068c295432e2b553f992de146e3ede7 36457 libtool-2.5.4-8.fc43.src.rpm  <- openldap libltdl.so.7()(64bit)
root  libudfread-1.1.2-12.fc43.aarch64.rpm 0 1b46ab2b3f0df563400c2054c52fa56394f6ccd482202c2ddc30d8ddabfb494e 34360 libudfread-1.1.2-12.fc43.src.rpm  <- libbluray libudfread.so.0()(64bit)
root  libunibreak-6.1-4.fc43.aarch64.rpm 0 cc0fa3c8bda85f5ed9675add830b7295e980d46c49bd1ad50841fd7d1fa9b206 34859 libunibreak-6.1-4.fc43.src.rpm  <- libass libunibreak.so.6()(64bit)
root  libunistring-1.1-10.fc43.aarch64.rpm 0 9e21c2e49f0d85da696fd06af290c30a48bdd65a410c62b032816baf9996daf1 552100 libunistring-1.1-10.fc43.src.rpm  <- gnutls libunistring.so.5()(64bit)
root  libunwind-1.8.1-3.fc43.aarch64.rpm 0 54757680eb1e7b933c6ac36ee32c0179680d05296274ce9cb5105543ca000b03 84135 libunwind-1.8.1-3.fc43.src.rpm  <- gstreamer1 libunwind.so.8()(64bit)
root  libusb1-1.0.30-1.fc43.aarch64.rpm 0 d94a613ff2042889bf1b799b9080d363c8c8821c29c2b683e08262b30b3690ca 80261 libusb1-1.0.30-1.fc43.src.rpm  <- freerdp-libs libusb-1.0.so.0()(64bit)
root  libuuid-2.41.5-1.fc43.aarch64.rpm 0 79ae68f36b24aa4aebd7d4de5cfd788c9b1f66cf066642d9b04a483ef0f68bee 26875 util-linux-2.41.5-1.fc43.src.rpm  <- sso-mib-libs libuuid.so.1()(64bit)
root  libva-2.22.0-6.fc43.aarch64.rpm 0 9856b73342ef85a4bffb5fd53f94ee60e25e4cee554704d54b2998452b104626 118438 libva-2.22.0-6.fc43.src.rpm  <- weston-libs libva-drm.so.2()(64bit)
root  libvdpau-1.5-10.fc43.aarch64.rpm 0 c4c4c72d62ef3399592d3258a4f34d07586a87a95fef05b77801c59d70194f09 16873 libvdpau-1.5-10.fc43.src.rpm  <- libavutil-free libvdpau.so.1()(64bit)
root  libverto-0.3.2-11.fc43.aarch64.rpm 0 19c69beddc379b90bb04949b4a616e46b1716707e554b293c6a79a052f1fa3eb 20919 libverto-0.3.2-11.fc43.src.rpm  <- krb5-libs libverto.so.1()(64bit)
root  libvisual-0.4.2-3.fc43.aarch64.rpm 1 bc0b8602100b23ce9e90424028babe4f425b32ef3b478b6cc02ea1b496e4036e 148958 libvisual-0.4.2-3.fc43.src.rpm  <- gstreamer1-plugins-base libvisual-0.4.so.0()(64bit)
root  libvorbis-1.3.7-13.fc43.aarch64.rpm 1 5f37ae815621cb98e518ef5062422b96ab2f885ab5ce3794ac498b2454ccfd50 188246 libvorbis-1.3.7-13.fc43.src.rpm  <- gstreamer1-plugins-base libvorbis.so.0()(64bit)
root  libvpx-1.15.0-4.fc43.aarch64.rpm 0 8497fab4164b60601ca5a7e68122fb9f161809d0c878a9168d321cda96bf2039 1263342 libvpx-1.15.0-4.fc43.src.rpm  <- libavcodec-free libvpx.so.9()(64bit)
root  libwacom-2.18.0-1.fc43.aarch64.rpm 0 50c0d3817bfe6dc67ab50ff1e5019ea1fa1ed925a1c6d0e80e72759688383532 51602 libwacom-2.18.0-1.fc43.src.rpm  <- libinput libwacom.so.9()(64bit)
root  libwayland-client-1.26.0-1.fc43.aarch64.rpm 0 5054a68818eefbe263584c993779134a74916fada61041af1895650fc2e14441 34590 wayland-1.26.0-1.fc43.src.rpm  <- weston libwayland-client.so.0()(64bit)
root  libwayland-cursor-1.26.0-1.fc43.aarch64.rpm 0 06e65c675517e5151b5902efd6222051110c622326b203065b87fbecfe29efb6 19461 wayland-1.26.0-1.fc43.src.rpm  <- weston libwayland-cursor.so.0()(64bit)
root  libwayland-egl-1.26.0-1.fc43.aarch64.rpm 0 ebaa8cfe2840bcf2f23a3a2c94649f3e53a4ba99a5ffe85fa1797531af6baad2 12796 wayland-1.26.0-1.fc43.src.rpm  <- weston-demo libwayland-egl.so.1()(64bit)
root  libwayland-server-1.26.0-1.fc43.aarch64.rpm 0 dd3b87eba0dfc1e39a07934cf9c0f9f192f9176233b1b122f6246c408a070def 43991 wayland-1.26.0-1.fc43.src.rpm  <- weston libwayland-server.so.0()(64bit)
root  libwbclient-4.23.12-1.fc43.aarch64.rpm 2 a0d4e4892ee2c502ddb16cef586d9747793095a0f7c06a893422716684644882 48502 samba-4.23.12-1.fc43.src.rpm  <- samba-client-libs libwbclient.so.0()(64bit)
root  libwebp-1.6.0-2.fc43.aarch64.rpm 0 9e8a37e0f938d6d08269dfca3d53719a02c992f534e3000ca527e29838e07c64 266682 libwebp-1.6.0-2.fc43.src.rpm  <- weston libwebp.so.7()(64bit)
root  libwinpr-3.31.1-1.fc43.aarch64.rpm 2 e5e979d04afa50fc86384ef3176d80f67745a107ac851bb7d217d3ecc45e6b0d 413310 freerdp-3.31.1-1.fc43.src.rpm  <- weston-libs libwinpr3.so.3()(64bit)
root  libxcb-1.17.0-6.fc43.aarch64.rpm 0 35640438083dbe5864a0078fac0f36853e7498de528a83c3e9a3d0491c427c96 247910 libxcb-1.17.0-6.fc43.src.rpm  <- xwininfo libxcb-shape.so.0()(64bit)
root  libxcrypt-4.5.2-1.fc43.aarch64.rpm 0 bfa8863d164ead67878f701b9afbf846c735824cefeaec154315feacab70fede 128220 libxcrypt-4.5.2-1.fc43.src.rpm  <- samba-client-libs libcrypt.so.2()(64bit)
root  libxkbcommon-1.11.0-1.fc43.aarch64.rpm 0 1e6691d253ec1fb1e9c10be37787e944671d454bb7ff11a7e9c94b88405d3d52 175629 libxkbcommon-1.11.0-1.fc43.src.rpm  <- weston libxkbcommon.so.0()(64bit)
root  libxkbfile-1.1.3-4.fc43.aarch64.rpm 0 cc86e309f4ed76154248c33bb8e96a2bdea441609320582219163c2973b614c6 91886 libxkbfile-1.1.3-4.fc43.src.rpm  <- xwd libxkbfile.so.1()(64bit)
root  libxml2-2.12.10-5.fc43.aarch64.rpm 0 0b53effe7066e5d40232b568268ca78b918871af5ab418f1c86eca159bfbca87 695029 libxml2-2.12.10-5.fc43.src.rpm  <- fontconfig libxml2.so.2()(64bit)
root  libzstd-1.5.7-2.fc43.aarch64.rpm 0 d92af1b15a7108e1496382aede324bd6ed179097134f59a3659a9be8a9333c6e 290417 zstd-1.5.7-2.fc43.src.rpm  <- elfutils-libs libzstd.so.1()(64bit)
root  lilv-libs-0.26.4-1.fc43.aarch64.rpm 0 962958aaeccd0a22b39220157b86a38a47676662bdc141f0d55d4b7ca0b96f2c 57449 lilv-0.26.4-1.fc43.src.rpm  <- libavfilter-free liblilv-0.so.0()(64bit)
root  lmdb-libs-0.9.34-1.fc43.aarch64.rpm 0 6c10b3ee01c25256ca1139eb99e9360c7ea37911ebd44b18736aed8f0f1fc498 62872 lmdb-0.9.34-1.fc43.src.rpm  <- libldb liblmdb.so.0.0.0()(64bit)
root  lpcnetfreedv-0.5-9.fc43.aarch64.rpm 0 dca4d204b6eff2e7defa106bf646efe5da9f5f6af8c783c7434a05e0e52d3a8c 7679767 lpcnetfreedv-0.5-9.fc43.src.rpm  <- codec2 liblpcnetfreedv.so.0.5()(64bit)
root  lua-libs-5.4.8-4.fc43.aarch64.rpm 0 e146d5051713b0f2a8465d68ca5923ffa7746426cc93e98f171cd732645bcb62 132228 lua-5.4.8-4.fc43.src.rpm  <- libinput liblua-5.4.so()(64bit)
root  lzo-2.10-15.fc43.aarch64.rpm 0 48c3f4cc5925b88ae952f8500dd27ff18cbb8eecc2bd57bbc903eec4d99b8b12 67322 lzo-2.10-15.fc43.src.rpm  <- cairo liblzo2.so.2()(64bit)
root  mbedtls-3.6.7-1.fc43.aarch64.rpm 0 0678f6aca0273fc57823635f50158a06409f40dd4e59fa0fdacf7946cdcd1932 519453 mbedtls-3.6.7-1.fc43.src.rpm  <- librist libmbedcrypto.so.16()(64bit)
root  mesa-libgbm-25.3.6-3.fc43.aarch64.rpm 0 a03abd135ae614e32262c46642bc9dd294e47cf7e7cb6ca0fbfd3020abf2593c 17464 mesa-25.3.6-3.fc43.src.rpm  <- weston-demo libgbm.so.1()(64bit)
root  mpg123-libs-1.32.10-2.fc43.aarch64.rpm 0 dc7ff3d09759e391360f593bf8549cd0aa1257687775361bdf8b82fdaccf7ce7 365794 mpg123-1.32.10-2.fc43.src.rpm  <- libsndfile libmpg123.so.0()(64bit)
root  mtdev-1.1.6-11.fc43.aarch64.rpm 0 46cd47b067a4f1edb21211c0e773612ac62109d8dfabbcc15bc611deebc07b78 21447 mtdev-1.1.6-11.fc43.src.rpm  <- libinput libmtdev.so.1()(64bit)
root  ncurses-libs-6.5-7.20250614.fc43.aarch64.rpm 0 0404a6fbf0b9b7ce20f270a4ae2474471fa1f980f250d170b9dee32f67415de8 332346 ncurses-6.5-7.20250614.fc43.src.rpm  <- bash libtinfo.so.6()(64bit)
root  neatvnc-0.9.0-4.fc43.aarch64.rpm 0 e2d176b20ec41dc6ffb68597d4addb5bed01ac5abd12a9af3fad4cb806d80fb9 78041 neatvnc-0.9.0-4.fc43.src.rpm  <- weston-libs libneatvnc.so.0()(64bit)
root  nettle-3.10.1-2.fc43.aarch64.rpm 0 2d2fbc54152074db83b3c89b2cbd40b812a54ec47067285f403ee8ded66f521e 435870 nettle-3.10.1-2.fc43.src.rpm  <- gnutls libhogweed.so.6()(64bit)
root  ngtcp2-1.22.1-1.fc43.aarch64.rpm 0 55f8c1994cb9ebbcd3a482919226d806ce6f88db2a1cfe49cbcb29fbd0f934be 148771 ngtcp2-1.22.1-1.fc43.src.rpm  <- samba-client-libs libngtcp2.so.16()(64bit)
root  ngtcp2-crypto-gnutls-1.22.1-1.fc43.aarch64.rpm 0 2aa5f5f364db1acbd3617839e100b17df277547e9b165cf1190451acd9e2223d 24336 ngtcp2-1.22.1-1.fc43.src.rpm  <- samba-client-libs libngtcp2_crypto_gnutls.so.8()(64bit)
root  noopenh264-2.6.0-2.fc43.aarch64.rpm 0 668742d5b2f6e670b78a4a7c3fbed2ec7ab4bb6eb991651663a33d26cd0e49d8 22847 noopenh264-2.6.0-2.fc43.src.rpm  <- freerdp-libs libopenh264.so.8()(64bit)
root  opencore-amr-0.1.6-9.fc43.aarch64.rpm 0 cb25fcd8b669023a7fbfb1f795cea22d95c986996fa8f7174e779d5da7e23507 179582 opencore-amr-0.1.6-9.fc43.src.rpm  <- libavcodec-free libopencore-amrnb.so.0()(64bit)
root  openjpeg-2.5.4-1.fc43.aarch64.rpm 0 6dde0b20711fb3510e5fcbc44307952609895384aff862fc3ef15e4d868030db 187869 openjpeg-2.5.4-1.fc43.src.rpm  <- libavcodec-free libopenjp2.so.7()(64bit)
root  openldap-2.6.14-1.fc43.aarch64.rpm 0 0c1135c90c3c8c6dcbdd1c95a8a1af85ad3dd3380440a5b247923bfd625a00d4 257354 openldap-2.6.14-1.fc43.src.rpm  <- libcurl liblber.so.2()(64bit)
root  openpgm-5.3.128-5.fc43.aarch64.rpm 0 6c70687e4ff0a0ad2532625c6875bc3ed4a5fd64dd8630ac41160795ce92da13 179110 openpgm-5.3.128-5.fc43.src.rpm  <- zeromq libpgm-5.3.so.0()(64bit)
root  openssl-libs-3.5.8-1.fc43.aarch64.rpm 1 1c4d84fa50f022414e4f79d6206561b86d7655f7fea79522611a5361501018bc 2572902 openssl-3.5.8-1.fc43.src.rpm  <- freerdp-libs libcrypto.so.3()(64bit)
root  opus-1.5.2-3.fc43.aarch64.rpm 0 74f23ba9fba2e0acf6347fd259969547f918101085c8de64d5723bd179ed9faf 243964 opus-1.5.2-3.fc43.src.rpm  <- freerdp-libs libopus.so.0()(64bit)
root  orc-0.4.41-2.fc43.aarch64.rpm 0 6aa81e2166f9357c85aeb26f99a35a99ae50735194d64f916b9bf44a6984f961 224947 orc-0.4.41-2.fc43.src.rpm  <- gstreamer1-plugins-base liborc-0.4.so.0()(64bit)
root  p11-kit-0.26.5-1.fc43.aarch64.rpm 0 c8559abfe14849c4a73dd66828280fc7a1eda7fde6b24963c065401136d175de 543340 p11-kit-0.26.5-1.fc43.src.rpm  <- gnutls libp11-kit.so.0()(64bit)
root  pam-libs-1.7.1-5.fc43.aarch64.rpm 0 112dcbe1714b0b72d1ce500e69eea41b230c13e10eed8a1c531616707b74e8ff 57570 pam-1.7.1-5.fc43.src.rpm  <- libcap libpam.so.0()(64bit)
root  pango-1.57.1-1.fc43.aarch64.rpm 0 6d94826ae045218fb69d47a57ddfa72e4543a38bc880b248480283e6f88da9e3 363659 pango-1.57.1-1.fc43.src.rpm  <- weston libpango-1.0.so.0()(64bit)
root  pcre2-10.47-1.fc43.aarch64.rpm 0 3bbee47a258d00f513fa4795d084353c88d57d3d77b6d9694e5eb12612e548a9 252096 pcre2-10.47-1.fc43.src.rpm  <- libselinux libpcre2-8.so.0()(64bit)
root  pipewire-libs-1.4.11-1.fc43.aarch64.rpm 0 1291a9872944558fd5a445ff79052e3e998b0deb251b53479b0fca93ffd8f3cd 2410630 pipewire-1.4.11-1.fc43.src.rpm  <- weston-libs libpipewire-0.3.so.0()(64bit)
root  pixman-0.46.2-2.fc43.aarch64.rpm 0 add0d889a8b533609602dcb95878294df16e2cd3f1aeba95c89ff3c56700c8af 218312 pixman-0.46.2-2.fc43.src.rpm  <- weston libpixman-1.so.0()(64bit)
root  popt-1.19-9.fc43.aarch64.rpm 0 af2363f496874ecb708d804dde1591835b5bd8b54b4d3ff5d140d8c8a5942b8d 66879 popt-1.19-9.fc43.src.rpm  <- samba-client-libs libpopt.so.0()(64bit)
root  pulseaudio-libs-17.0-9.fc43.aarch64.rpm 0 8a9366a2edafd96fa5483d6d95685ff67e1e70f53b0e172af880c891cb0ad61b 685573 pulseaudio-17.0-9.fc43.src.rpm  <- freerdp-libs libpulse.so.0()(64bit)
root  qrencode-libs-4.1.1-11.fc43.aarch64.rpm 0 ba8e9bbc29bb807edb7e72493760b435cba6119307fd892009d9a80d4b5ab9e2 63904 qrencode-4.1.1-11.fc43.src.rpm  <- libavfilter-free libqrencode.so.4()(64bit)
root  rav1e-libs-0.8.1-2.fc43.aarch64.rpm 0 a7017654c2697f16d8af71ddff59127e540a412613ade568ae94fc954add32ba 852980 rust-rav1e-0.8.1-2.fc43.src.rpm  <- libavcodec-free librav1e.so.0()(64bit)
root  rubberband-libs-4.0.0-4.fc43.aarch64.rpm 0 86d116d1104c92f2e691a26f2143aca66e676e609e94b648306bdd5dae060cea 157419 rubberband-4.0.0-4.fc43.src.rpm  <- libavfilter-free librubberband.so.3()(64bit)
root  samba-client-libs-4.23.12-1.fc43.aarch64.rpm 2 b9bdbca0ff3aab6297aa9fb7a3f30ff7536b070f5d35144cd909f9e569b00efb 5979977 samba-4.23.12-1.fc43.src.rpm  <- libsmbclient libcli-smb-common-private-samba.so()(64bit)
root  samba-common-libs-4.23.12-1.fc43.aarch64.rpm 2 15e0a61a0666fdb70ba8d033631668a77f1d468148d385f07104f29767b1a95a 115181 samba-4.23.12-1.fc43.src.rpm  <- libsmbclient libreplace-private-samba.so()(64bit)
root  serd-0.32.8-1.fc43.aarch64.rpm 0 7023178aeef1f40a61be797cf93190c9cc6fe72ac9074614a16ae15c056f8051 66610 serd-0.32.8-1.fc43.src.rpm  <- lilv-libs libserd-0.so.0()(64bit)
root  snappy-1.2.2-2.fc43.aarch64.rpm 0 f07059286db01187c98551030af1de2917ad262bc76d2da9f9af625754d2d3bd 39838 snappy-1.2.2-2.fc43.src.rpm  <- libavcodec-free libsnappy.so.1()(64bit)
root  sord-0.16.22-1.fc43.aarch64.rpm 0 8aa64008810c9c62df5a87efc1c669e8dc82e77e07e30596eca17e5e92209b24 38797 sord-0.16.22-1.fc43.src.rpm  <- lilv-libs libsord-0.so.0()(64bit)
root  soxr-0.1.3-20.fc43.aarch64.rpm 0 4d0e824e271ab6a0ff91e31e6020640b471227ac6e895b510b4a8762d7ad09cb 71912 soxr-0.1.3-20.fc43.src.rpm  <- freerdp-libs libsoxr.so.0()(64bit)
root  speex-1.2.0-20.fc43.aarch64.rpm 0 d1df7d5039683f2da7736ce1072c88d45337ce6af78fe831c5cd9051ee48cd4f 66914 speex-1.2.0-20.fc43.src.rpm  <- libavcodec-free libspeex.so.1()(64bit)
root  spirv-tools-libs-2026.1-2.fc43.aarch64.rpm 0 28713cb86c900574aefb6468899da47ec88c18c5514814be97878a451d95f291 1638795 spirv-tools-2026.1-2.fc43.src.rpm  <- libshaderc libSPIRV-Tools-opt.so()(64bit)
root  sratom-0.6.22-1.fc43.aarch64.rpm 0 d2a2adc81666ccaa37fabbebfe8bf32cbb64db42eba390f69c164e94f5eedcf9 24295 sratom-0.6.22-1.fc43.src.rpm  <- lilv-libs libsratom-0.so.0()(64bit)
root  srt-libs-1.5.7-1.fc43.aarch64.rpm 0 a4dcbd142ae8948ac114f8ed880ab4f9f3b5d6aef56d07e7e795fd4ecd55ec81 378429 srt-1.5.7-1.fc43.src.rpm  <- libavformat-free libsrt.so.1.5()(64bit)
root  sso-mib-libs-0.8.0-1.fc43.aarch64.rpm 0 8719e4d42425f30a4dc887016259820a73ae295b0bd275003647fa706af22a97 35712 sso-mib-0.8.0-1.fc43.src.rpm  <- freerdp-libs libsso-mib.so.0()(64bit)
root  svt-av1-libs-3.1.2-1.fc43.aarch64.rpm 0 ce99952e927716361e484e76a7a5479f9fab0eb93a836c4757ab59507003cdb0 1392574 svt-av1-3.1.2-1.fc43.src.rpm  <- libavcodec-free libSvtAv1Enc.so.3()(64bit)
root  systemd-libs-258.10-1.fc43.aarch64.rpm 0 3499dbcb6b3f66e5ce18755853834f14ad645b51c26b0ca0d524f2d7a0d85416 811721 systemd-258.10-1.fc43.src.rpm  <- coreutils-single libsystemd.so.0()(64bit)
root  tesseract-libs-5.5.3-1.fc43.aarch64.rpm 0 c9b65f542cd3cb9bbbb2c3fc2beaeb425fe89a85fe0e08a28e275d83cca87354 1269943 tesseract-5.5.3-1.fc43.src.rpm  <- libavfilter-free libtesseract.so.5.5()(64bit)
root  turbojpeg-3.1.3-1.fc43.aarch64.rpm 0 49b17cac3201f631a1be0a5b693f6d78ab1ce5ed281b2d673ee5bfd1f830acfd 305815 libjpeg-turbo-3.1.3-1.fc43.src.rpm  <- neatvnc libturbojpeg.so.0()(64bit)
root  twolame-libs-0.4.0-8.fc43.aarch64.rpm 0 85ade4905b140f209696551e110aa7b398fa182f899a4d981b5dbe7875a7f51a 70534 twolame-0.4.0-8.fc43.src.rpm  <- libavcodec-free libtwolame.so.0()(64bit)
root  uriparser-1.0.2-1.fc43.aarch64.rpm 0 02682383c18be9c5acb9d69f165e0b77548ab633fa84bdfdd3d22646f940deb0 71844 uriparser-1.0.2-1.fc43.src.rpm  <- libwinpr liburiparser.so.1()(64bit)
root  vid.stab-1.1.1-7.fc43.aarch64.rpm 0 c5ecc1afc8209bf86ae45d0738f7dfdad867374a672e78bd0329beef2439861f 49664 vid.stab-1.1.1-7.fc43.src.rpm  <- libavfilter-free libvidstab.so.1.2()(64bit)
root  vo-amrwbenc-0.1.3-23.fc43.aarch64.rpm 0 5579e84ccbec5191ea44584771446805ce3d7693a70a38d3b1db4f52308669cb 81692 vo-amrwbenc-0.1.3-23.fc43.src.rpm  <- libavcodec-free libvo-amrwbenc.so.0()(64bit)
root  vulkan-loader-1.4.341.0-1.fc43.aarch64.rpm 0 0767e7e05eb7eebbf121099d1959352cd7fcb3b34f8f6823d9dd5a05f9165ee4 175652 vulkan-loader-1.4.341.0-1.fc43.src.rpm  <- libplacebo libvulkan.so.1()(64bit)
root  wayland-utils-1.3.0-2.fc43.aarch64.rpm 0 85a9b97dc598ba2da56c5de2584e54515d89776309d2c9d7bb86b808a3302960 32207 wayland-utils-1.3.0-2.fc43.src.rpm  <- seed
root  webrtc-audio-processing-1.3-9.fc43.aarch64.rpm 0 e730e32ff424a54f7e3b109fa451ea6b8f990bd9af6c3f59071a13ed96117757 502209 webrtc-audio-processing-1.3-9.fc43.src.rpm  <- pipewire-libs libwebrtc-audio-processing-1.so.3()(64bit)
root  weston-14.0.2-2.fc43.aarch64.rpm 0 38c3c69c43411a594cf47cf9dbae45191182caf6a617c42dc06e297625253f89 666080 weston-14.0.2-2.fc43.src.rpm  <- seed
root  weston-demo-14.0.2-2.fc43.aarch64.rpm 0 2f5b4841e805c43ad7f9cdcf8c06774475064595d62fd99c7a747e9a2f023c67 413258 weston-14.0.2-2.fc43.src.rpm  <- seed
root  weston-libs-14.0.2-2.fc43.aarch64.rpm 0 15776210c098379c9dba5f2d76917a3a729f04999bb7f50f1935fd302948d7a3 440599 weston-14.0.2-2.fc43.src.rpm  <- weston libweston-14.so.0()(64bit)
root  xdpyinfo-1.3.4-3.fc43.aarch64.rpm 0 69cfbbd456d65512773cd78322f8782c26537fe5ba10bf35f97c77ab4c230038 26282 xdpyinfo-1.3.4-3.fc43.src.rpm  <- seed
root  xevd-libs-0.5.0-5.fc43.aarch64.rpm 0 c979c8cf1367ff8a8f2618dcffc8b9a8007276da14b651c9eaff6a5e04618522 141675 xevd-0.5.0-5.fc43.src.rpm  <- libavcodec-free libxevdb.so.0()(64bit)
root  xeve-libs-0.5.1-5.fc43.aarch64.rpm 0 eabb944434b0d75c509c265ac98a7a51ecb0257d1b85e07ad339ff17739c0344 275655 xeve-0.5.1-5.fc43.src.rpm  <- libavcodec-free libxeveb.so.0()(64bit)
root  xkeyboard-config-2.46-1.fc43.noarch.rpm 0 e462a179bfb47bba638dbcadf92ca3d051c98512469b1adde058609c1bb2cf93 1017452 xkeyboard-config-2.46-1.fc43.src.rpm  <- seed
root  xvidcore-1.3.7-14.fc43.aarch64.rpm 0 8c9b8ffb65bb8bfca7b6956d80d9c4154c462abc4c344a3d3b60b9da5fa65049 223085 xvidcore-1.3.7-14.fc43.src.rpm  <- libavcodec-free libxvidcore.so.4()(64bit)
root  xwd-1.0.9-4.fc43.aarch64.rpm 0 53f06a2b4e360a8c5c1ce73ecb1e1c745601a340b0e5f7cf23b74d6c093a1c0d 26628 xwd-1.0.9-4.fc43.src.rpm  <- seed
root  xwininfo-1.1.6-3.fc43.aarch64.rpm 0 83e6fe37770316ba3e1b819613cc64d8494c45f39b4517ec15e26c4926d959c7 31981 xwininfo-1.1.6-3.fc43.src.rpm  <- seed
root  xz-libs-5.8.1-4.fc43.aarch64.rpm 1 f8e075c62a5ad22badccac53d829c623d3ec534d116d3fe1127de903222c109f 113716 xz-5.8.1-4.fc43.src.rpm  <- libxml2 liblzma.so.5()(64bit)
root  zeromq-4.3.5-22.fc43.aarch64.rpm 0 8f14a3c5e3a223d21d52bb8b9275b50662eafe2ed0388ba3094f7de68914d9a9 459931 zeromq-4.3.5-22.fc43.src.rpm  <- libavfilter-free libzmq.so.5()(64bit)
root  zimg-3.0.6-2.fc43.aarch64.rpm 0 459ba6bab0034303dffd0eedf0b200f9ed558a1edd1748a94f96970357aaf724 142046 zimg-3.0.6-2.fc43.src.rpm  <- libavfilter-free libzimg.so.2()(64bit)
root  zix-0.8.0-2.fc43.aarch64.rpm 0 1065c8facb2f8f31683d5a6c38fb15facc73ee2a9d9bbd086ad81e05e8452ba3 35823 zix-0.8.0-2.fc43.src.rpm  <- lilv-libs libzix-0.so.0()(64bit)
root  zlib-ng-compat-2.3.3-2.fc43.aarch64.rpm 0 8d62c2929af5b6b000de1080efa8c16f8af42afab60feff1ff80c9846ad8186a 73968 zlib-ng-2.3.3-2.fc43.src.rpm  <- cairo libz.so.1()(64bit)
root  zvbi-0.2.44-2.fc43.aarch64.rpm 0 c9560bea1c339460f397f3ba5f18a7be97a3028591dad7530cb85e2a7463f69e 435231 zvbi-0.2.44-2.fc43.src.rpm  <- libavcodec-free libzvbi.so.0()(64bit)
build glibc-devel-2.42-16.fc43.aarch64.rpm 0 d42b7f380d83bfa8d436957f65111085e16224663e7e0ad9635635946b40fa7f 579154 glibc-2.42-16.fc43.src.rpm  <- samples
build glibc-static-2.42-16.fc43.aarch64.rpm 0 ad0e2205abf88e936b7c66b36173536d635f9e7dcf2960c2970dbeb6e30d4462 6125025 glibc-2.42-16.fc43.src.rpm  <- samples
build kernel-headers-7.2.4-100.fc43.aarch64.rpm 0 1083cc19cbaa03800cb1cfd95fba3aa621c4ccade815da2718ff2f6b593b9218 1798306 kernel-headers-7.2.4-100.fc43.src.rpm  <- samples
build gcc-15.3.1-1.fc43.aarch64.rpm 0 3ab396c6b37a580e5c8886cf4e9c4532ed36f75b7f48e9e303ec5b82538b7432 37983213 gcc-15.3.1-1.fc43.src.rpm  <- samples
build vulkan-headers-1.4.341.0-1.fc43.noarch.rpm 0 0323b79321aabe8d349c51c2742b99ce4f1ab4e1046fa7bbcafc0d02ed6ade69 1736544 vulkan-headers-1.4.341.0-1.fc43.src.rpm  <- samples
